{
  "lockfileVersion": 1,
  "configVersion": 1,
  "workspaces": {
    "": {
      "dependencies": {
        "@carbonplan/zarr-layer": "^0.5.0",
        "maplibre-gl": "^5.24.0",
      },
    },
  },
  "packages": {
    "@carbonplan/zarr-layer": ["@carbonplan/zarr-layer@0.5.0", "", { "dependencies": { "@developmentseed/raster-reproject": "^0.1.0", "delaunator": "^5.0.1", "proj4": "^2.20.2", "zarrita": "^0.7.1" }, "peerDependencies": { "mapbox-gl": "*", "maplibre-gl": "*" }, "optionalPeers": ["mapbox-gl", "maplibre-gl"] }, "sha512-o8DedufLyaQ1odNUpPoW/csZLcG7PfVRU4M+W66hFjrgdvZplLo507PYSMWTlk/bC/hZXvxh+zYCLWk0udBLFg=="],

    "@developmentseed/raster-reproject": ["@developmentseed/raster-reproject@0.1.0", "", {}, "sha512-ARk8IM6VPzL3ltAZNenZCAm9NkzqOnrxjEvf8m2t91bmkmloDPBkRCMxMzKrMJE79/XxcZyXDDvLOI1UKlYSBQ=="],

    "@mapbox/jsonlint-lines-primitives": ["@mapbox/jsonlint-lines-primitives@2.0.2", "", {}, "sha512-rY0o9A5ECsTQRVhv7tL/OyDpGAoUB4tTvLiW1DSzQGq4bvTPhNw1VpSNjDJc5GFZ2XuyOtSWSVN05qOtcD71qQ=="],

    "@mapbox/point-geometry": ["@mapbox/point-geometry@1.1.0", "", {}, "sha512-YGcBz1cg4ATXDCM/71L9xveh4dynfGmcLDqufR+nQQy3fKwsAZsWd/x4621/6uJaeB9mwOHE6hPeDgXz9uViUQ=="],

    "@mapbox/tiny-sdf": ["@mapbox/tiny-sdf@2.2.0", "", {}, "sha512-LVL4wgI9YAum5V+LNVQO6QgFBPw7/MIIY4XJPNsPDMrjEwcE+JfKk1LuIl8GnF197ejVdC9QdPaxrx5gfgdGXg=="],

    "@mapbox/unitbezier": ["@mapbox/unitbezier@0.0.1", "", {}, "sha512-nMkuDXFv60aBr9soUG5q+GvZYL+2KZHVvsqFCzqnkGEf46U2fvmytHaEVc1/YZbiLn8X+eR3QzX1+dwDO1lxlw=="],

    "@mapbox/vector-tile": ["@mapbox/vector-tile@2.0.5", "", { "dependencies": { "@mapbox/point-geometry": "~1.1.0", "@types/geojson": "^7946.0.16", "pbf": "^4.0.2" } }, "sha512-pXj8m7KTsqZt+1jsE0xIpGvqTSbblfkuEJL/NJmNePMtEwxO8V3XMDo9WMSfDeqHvCtBI9Lmt4mGcGR10zecmw=="],

    "@mapbox/whoots-js": ["@mapbox/whoots-js@3.1.0", "", {}, "sha512-Es6WcD0nO5l+2BOQS4uLfNPYQaNDfbot3X1XUoloz+x0mPDS3eeORZJl06HXjwBG1fOGwCRnzK88LMdxKRrd6Q=="],

    "@maplibre/geojson-vt": ["@maplibre/geojson-vt@6.1.0", "", { "dependencies": { "kdbush": "^4.0.2" } }, "sha512-2eIY4gZxeKIVOZVNkAMb+5NgXhgsMQpOveTQAvnp53LYqHGJZDidk7Ew0Tged9PThidpbS+NFTh0g4zivhPDzQ=="],

    "@maplibre/maplibre-gl-style-spec": ["@maplibre/maplibre-gl-style-spec@24.10.0", "", { "dependencies": { "@mapbox/jsonlint-lines-primitives": "~2.0.2", "@mapbox/unitbezier": "^1.0.0", "json-stringify-pretty-compact": "^4.0.0", "minimist": "^1.2.8", "quickselect": "^3.0.0", "tinyqueue": "^3.0.0" }, "bin": { "gl-style-migrate": "dist/gl-style-migrate.mjs", "gl-style-validate": "dist/gl-style-validate.mjs", "gl-style-format": "dist/gl-style-format.mjs" } }, "sha512-lichxSiagMEBBrqHF0trtMQH9RKh+9jUlIJl0qW0QHvt2H/tbvUWdE+ZzI2Jd0/pT7j/iavLonlPu7EQ/ixTOw=="],

    "@maplibre/mlt": ["@maplibre/mlt@1.1.11", "", { "dependencies": { "@mapbox/point-geometry": "^1.1.0" } }, "sha512-dKvjKdITw9d0y3ndGkSqLUEpWCizMtdq8NB06cHohH/JZ2sJoM7dClR9wzJLUWykjbw9RXDFmhjjNBnNW27mzw=="],

    "@maplibre/vt-pbf": ["@maplibre/vt-pbf@4.3.2", "", { "dependencies": { "@mapbox/point-geometry": "^1.1.0", "@types/geojson": "^7946.0.16", "pbf": "^5.1.0" } }, "sha512-j6p0AdjvAR19Z3XaCysle7A4ZSo08tYOzxD0Y9NQylwPAkwJJeYub5b2eVucdeDh7erhv69DahoLOevDRERRUw=="],

    "@types/geojson": ["@types/geojson@7946.0.16", "", {}, "sha512-6C8nqWur3j98U6+lXDfTUWIfgvZU+EumvpHKcYjujKH7woYyLj2sUmff0tRhrqM7BohUw7Pz3ZB1jj2gW9Fvmg=="],

    "@zarrita/storage": ["@zarrita/storage@0.2.0", "", { "dependencies": { "reference-spec-reader": "^0.2.0", "unzipit": "2.0.0" } }, "sha512-855ZXqtnds7spnT8vNvD+MXa3QExP1m2GqShe8yt7uZXHnQLgJHgkpVwFjE1B0KDDRO0ki09hmk6OboTaIfPsQ=="],

    "delaunator": ["delaunator@5.1.0", "", { "dependencies": { "robust-predicates": "^3.0.2" } }, "sha512-AGrQ4QSgssa1NGmWmLPqN5NY2KajF5MqxetNEO+o0n3ZwZZeTmt7bBnvzHWrmkZFxGgr4HdyFgelzgi06otLuQ=="],

    "earcut": ["earcut@3.0.2", "", {}, "sha512-X7hshQbLyMJ/3RPhyObLARM2sNxxmRALLKx1+NVFFnQ9gKzmCrxm9+uLIAdBcvc8FNLpctqlQ2V6AE92Ol9UDQ=="],

    "fflate": ["fflate@0.8.3", "", {}, "sha512-tbZNuJrLwGUp3zshBtdy4W+ORxZuIh8a5ilyIEQDC5rY1f3U20JMry0Ll3WBzU58EZKsEuJFXhb5gwv8CsPvgA=="],

    "gl-matrix": ["gl-matrix@3.4.4", "", {}, "sha512-latSnyDNt/8zYUB6VIJ6PCh2jBjJX6gnDsoCZ7LyW7GkqrD51EWwa9qCoGixj8YqBtETQK/xY7OmpTF8xz1DdQ=="],

    "json-stringify-pretty-compact": ["json-stringify-pretty-compact@4.0.0", "", {}, "sha512-3CNZ2DnrpByG9Nqj6Xo8vqbjT4F6N+tb4Gb28ESAZjYZ5yqvmc56J+/kuIwkaAMOyblTQhUW7PxMkUb8Q36N3Q=="],

    "kdbush": ["kdbush@4.1.0", "", {}, "sha512-e9vurzrXJQrFX6ckpHP3bvj5l+9CnYzkxDNnNQ1h2QTqdWsUAJgXiKdGNcOa1EY85dU8KbQ+z/FdQdB7P+9yfQ=="],

    "maplibre-gl": ["maplibre-gl@5.24.0", "", { "dependencies": { "@mapbox/jsonlint-lines-primitives": "^2.0.2", "@mapbox/point-geometry": "^1.1.0", "@mapbox/tiny-sdf": "^2.1.0", "@mapbox/unitbezier": "^0.0.1", "@mapbox/vector-tile": "^2.0.4", "@mapbox/whoots-js": "^3.1.0", "@maplibre/geojson-vt": "^6.1.0", "@maplibre/maplibre-gl-style-spec": "^24.8.1", "@maplibre/mlt": "^1.1.8", "@maplibre/vt-pbf": "^4.3.0", "@types/geojson": "^7946.0.16", "earcut": "^3.0.2", "gl-matrix": "^3.4.4", "kdbush": "^4.0.2", "murmurhash-js": "^1.0.0", "pbf": "^4.0.1", "potpack": "^2.1.0", "quickselect": "^3.0.0", "tinyqueue": "^3.0.0" } }, "sha512-ALyFxgtd5R+65UqZ/++lOqwWcC0SNho9c27fYSyLmG7AfnAul2o46F05aDJGPbFU57wos9dgcIySHs0Xe6ia3A=="],

    "mgrs": ["mgrs@1.0.0", "", {}, "sha512-awNbTOqCxK1DBGjalK3xqWIstBZgN6fxsMSiXLs9/spqWkF2pAhb2rrYCFSsr1/tT7PhcDGjZndG8SWYn0byYA=="],

    "minimist": ["minimist@1.2.8", "", {}, "sha512-2yyAR8qBkN3YuheJanUpWC5U3bb5osDywNB8RzDVlDwDHbocAJveqqj1u8+SVD7jkWT4yvsHCpWqqWqAxb0zCA=="],

    "murmurhash-js": ["murmurhash-js@1.0.0", "", {}, "sha512-TvmkNhkv8yct0SVBSy+o8wYzXjE4Zz3PCesbfs8HiCXXdcTuocApFv11UWlNFWKYsP2okqrhb7JNlSm9InBhIw=="],

    "numcodecs": ["numcodecs@0.3.2", "", { "dependencies": { "fflate": "^0.8.0" } }, "sha512-6YSPnmZgg0P87jnNhi3s+FVLOcIn3y+1CTIgUulA3IdASzK9fJM87sUFkpyA+be9GibGRaST2wCgkD+6U+fWKw=="],

    "pbf": ["pbf@4.0.2", "", { "dependencies": { "resolve-protobuf-schema": "^2.1.0" }, "bin": { "pbf": "bin/pbf" } }, "sha512-J0ajxARhZfpUEebxYs1vhMGMuLSXtBe1e+fFPDrf2uA2hgo+UshKfNUWOz92HJNz6/NFEXseQPddnHkTreWRqg=="],

    "potpack": ["potpack@2.1.0", "", {}, "sha512-pcaShQc1Shq0y+E7GqJqvZj8DTthWV1KeHGdi0Z6IAin2Oi3JnLCOfwnCo84qc+HAp52wT9nK9H7FAJp5a44GQ=="],

    "proj4": ["proj4@2.20.9", "", { "dependencies": { "mgrs": "1.0.0", "wkt-parser": "^1.5.5" }, "peerDependencies": { "geotiff": "*" }, "optionalPeers": ["geotiff"] }, "sha512-GLBGqXaTcdWnppre3o1sMmy4DcMGSGq/ng+9k2MTNddarRK6SveINqlqYzi3xEXuy06ljY1TTrC6H9C4f360IQ=="],

    "protocol-buffers-schema": ["protocol-buffers-schema@3.6.1", "", {}, "sha512-VG2K63Igkiv9p76tk1lilczEK1cT+kCjKtkdhw1dQZV3k3IXJbd3o6Ho8b9zJZaHSnT2hKe4I+ObmX9w6m5SmQ=="],

    "quickselect": ["quickselect@3.0.0", "", {}, "sha512-XdjUArbK4Bm5fLLvlm5KpTFOiOThgfWWI4axAZDWg4E/0mKdZyI9tNEfds27qCi1ze/vwTR16kvmmGhRra3c2g=="],

    "reference-spec-reader": ["reference-spec-reader@0.2.0", "", {}, "sha512-q0mfCi5yZSSHXpCyxjgQeaORq3tvDsxDyzaadA/5+AbAUwRyRuuTh0aRQuE/vAOt/qzzxidJ5iDeu1cLHaNBlQ=="],

    "resolve-protobuf-schema": ["resolve-protobuf-schema@2.1.0", "", { "dependencies": { "protocol-buffers-schema": "^3.3.1" } }, "sha512-kI5ffTiZWmJaS/huM8wZfEMer1eRd7oJQhDuxeCLe3t7N7mX3z94CN0xPxBQxFYQTSNz9T0i+v6inKqSdK8xrQ=="],

    "robust-predicates": ["robust-predicates@3.0.3", "", {}, "sha512-NS3levdsRIUOmiJ8FZWCP7LG3QpJyrs/TE0Zpf1yvZu8cAJJ6QMW92H1c7kWpdIHo8RvmLxN/o2JXTKHp74lUA=="],

    "tinyqueue": ["tinyqueue@3.0.0", "", {}, "sha512-gRa9gwYU3ECmQYv3lslts5hxuIa90veaEcxDYuu3QGOIAEM2mOZkVHp48ANJuu1CURtRdHKUBY5Lm1tHV+sD4g=="],

    "unzipit": ["unzipit@2.0.0", "", {}, "sha512-DVeVIWUZCAQPNzm5sB0hpsG1GygTTdBnzNtYYEpInkttx5evkyqRgZi6rTczoySqp8hO5jHVKzrH0f23X8FZLg=="],

    "wkt-parser": ["wkt-parser@1.5.5", "", {}, "sha512-/zMYi94/7D7fxcOSlVmWn6vnOMj3Gq5d1xvVjaYOS9n6h0qOJ4I7YYVxBWYcH1vq9+suhqzXkn05Yx47zQNUIA=="],

    "zarrita": ["zarrita@0.7.3", "", { "dependencies": { "@zarrita/storage": "^0.2.0", "numcodecs": "^0.3.2" } }, "sha512-wChTQ1Ox75INoQCzKAfLWAfB70JJ4KjdW8Sz5x4ZWrFB4Dw+YZdnxHTL0xSdsrB9EmKSeK7fS1Y+I2ibhfGbkw=="],

    "@maplibre/maplibre-gl-style-spec/@mapbox/unitbezier": ["@mapbox/unitbezier@1.0.0", "", {}, "sha512-fqd515fjBmANKGGsQ286E2Wvj/XvDFpGzwJxq4CI6jMQue6Oy04uCKp+JWKF00xRTmk6cEu1jPJ9p3xqH8YWqQ=="],

    "@maplibre/vt-pbf/pbf": ["pbf@5.1.0", "", { "dependencies": { "resolve-protobuf-schema": "^2.1.0" }, "bin": { "pbf": "bin/pbf" } }, "sha512-Wv0yo0+uZepnoNEKsquhar1F18LogB8oeEikIhUXG16udbiXG7JecHGySwoo6kuMgjmbQYzdrTZlO+/K9t8eZg=="],
  }
}
